
Microsoft Visual Studio Solution File, Format Version 12.00
# Visual Studio Version 17
VisualStudioVersion = 17.4.32916.344
MinimumVisualStudioVersion = 10.0.40219.1
Project("{FAE04EC0-301F-11D3-BF4B-00C04F79EFBC}") = "Bee.Desktop.Wpf.PoC", "Bee.Desktop.Wpf.PoC\Bee.Desktop.Wpf.PoC.csproj", "{CD42D55C-BFA5-41B6-8DB1-8BD86F86A10C}"
EndProject
Global
	GlobalSection(SolutionConfigurationPlatforms) = preSolution
		Debug|Any CPU = Debug|Any CPU
		Release|Any CPU = Release|Any CPU
	EndGlobalSection
	GlobalSection(ProjectConfigurationPlatforms) = postSolution
		{CD42D55C-BFA5-41B6-8DB1-8BD86F86A10C}.Debug|Any CPU.ActiveCfg = Debug|Any CPU
		{CD42D55C-BFA5-41B6-8DB1-8BD86F86A10C}.Debug|Any CPU.Build.0 = Debug|Any CPU
		{CD42D55C-BFA5-41B6-8DB1-8BD86F86A10C}.Release|Any CPU.ActiveCfg = Release|Any CPU
		{CD42D55C-BFA5-41B6-8DB1-8BD86F86A10C}.Release|Any CPU.Build.0 = Release|Any CPU
	EndGlobalSection
	GlobalSection(SolutionProperties) = preSolution
		HideSolutionNode = FALSE
	EndGlobalSection
	GlobalSection(ExtensibilityGlobals) = postSolution
		SolutionGuid = {0D40F40C-5D0B-4EA8-884A-7DF1BDEA47F8}
	EndGlobalSection
EndGlobal
